
Microsoft Visual Studio Solution File, Format Version 12.00
Project("{FAE04EC0-301F-11D3-BF4B-00C04F79EFBC}") = "BasicChessEngine.Domain", "BasicChessEngine.Domain\BasicChessEngine.Domain.csproj", "{254E665E-07F1-4C20-B9B4-70F1035FE26F}"
EndProject
Project("{FAE04EC0-301F-11D3-BF4B-00C04F79EFBC}") = "BasicChessEngine.Domain.Tests", "BasicChessEngine.Domain.Tests\BasicChessEngine.Domain.Tests.csproj", "{8C906FE3-AE07-4600-BC1E-4E56A2604B2E}"
EndProject
Project("{FAE04EC0-301F-11D3-BF4B-00C04F79EFBC}") = "BasicChessEngine.Application", "BasicChessEngine.Application\BasicChessEngine.Application.csproj", "{827ADED0-D52E-4CCB-BBE0-6A538D08D703}"
EndProject
Global
	GlobalSection(SolutionConfigurationPlatforms) = preSolution
		Debug|Any CPU = Debug|Any CPU
		Release|Any CPU = Release|Any CPU
	EndGlobalSection
	GlobalSection(ProjectConfigurationPlatforms) = postSolution
		{254E665E-07F1-4C20-B9B4-70F1035FE26F}.Debug|Any CPU.ActiveCfg = Debug|Any CPU
		{254E665E-07F1-4C20-B9B4-70F1035FE26F}.Debug|Any CPU.Build.0 = Debug|Any CPU
		{254E665E-07F1-4C20-B9B4-70F1035FE26F}.Release|Any CPU.ActiveCfg = Release|Any CPU
		{254E665E-07F1-4C20-B9B4-70F1035FE26F}.Release|Any CPU.Build.0 = Release|Any CPU
		{8C906FE3-AE07-4600-BC1E-4E56A2604B2E}.Debug|Any CPU.ActiveCfg = Debug|Any CPU
		{8C906FE3-AE07-4600-BC1E-4E56A2604B2E}.Debug|Any CPU.Build.0 = Debug|Any CPU
		{8C906FE3-AE07-4600-BC1E-4E56A2604B2E}.Release|Any CPU.ActiveCfg = Release|Any CPU
		{8C906FE3-AE07-4600-BC1E-4E56A2604B2E}.Release|Any CPU.Build.0 = Release|Any CPU
		{827ADED0-D52E-4CCB-BBE0-6A538D08D703}.Debug|Any CPU.ActiveCfg = Debug|Any CPU
		{827ADED0-D52E-4CCB-BBE0-6A538D08D703}.Debug|Any CPU.Build.0 = Debug|Any CPU
		{827ADED0-D52E-4CCB-BBE0-6A538D08D703}.Release|Any CPU.ActiveCfg = Release|Any CPU
		{827ADED0-D52E-4CCB-BBE0-6A538D08D703}.Release|Any CPU.Build.0 = Release|Any CPU
	EndGlobalSection
EndGlobal
